
Microsoft Visual Studio Solution File, Format Version 12.00
# Visual Studio Version 17
VisualStudioVersion = 17.2.32602.215
MinimumVisualStudioVersion = 10.0.40219.1
Project("{FAE04EC0-301F-11D3-BF4B-00C04F79EFBC}") = "SignalRProjects", "SignalRProjects\SignalRProjects.csproj", "{84BA4EC9-002B-4C5C-B585-B25F2EBE129D}"
EndProject
Global
	GlobalSection(SolutionConfigurationPlatforms) = preSolution
		Debug|Any CPU = Debug|Any CPU
		Release|Any CPU = Release|Any CPU
	EndGlobalSection
	GlobalSection(ProjectConfigurationPlatforms) = postSolution
		{84BA4EC9-002B-4C5C-B585-B25F2EBE129D}.Debug|Any CPU.ActiveCfg = Debug|Any CPU
		{84BA4EC9-002B-4C5C-B585-B25F2EBE129D}.Debug|Any CPU.Build.0 = Debug|Any CPU
		{84BA4EC9-002B-4C5C-B585-B25F2EBE129D}.Release|Any CPU.ActiveCfg = Release|Any CPU
		{84BA4EC9-002B-4C5C-B585-B25F2EBE129D}.Release|Any CPU.Build.0 = Release|Any CPU
	EndGlobalSection
	GlobalSection(SolutionProperties) = preSolution
		HideSolutionNode = FALSE
	EndGlobalSection
	GlobalSection(ExtensibilityGlobals) = postSolution
		SolutionGuid = {4FE90E18-8DC2-4BF6-AE78-F48725E63FDC}
	EndGlobalSection
EndGlobal
